// !$*UTF8*$!
{
	archiveVersion = 1;
	classes = {
	};
	objectVersion = 77;
	objects = {

/* Begin PBXBuildFile section */
		45E985062EEF5DC500211C6F /* FolioCore in Frameworks */ = {isa = PBXBuildFile; productRef = 45E985052EEF5DC500211C6F /* FolioCore */; };
		45E9850A2EEF5E6600211C6F /* .gitignore in Resources */ = {isa = PBXBuildFile; fileRef = 45E985092EEF5E6600211C6F /* .gitignore */; };
/* End PBXBuildFile section */

/* Begin PBXContainerItemProxy section */
		45A26E482EEF58E3003DEF3A /* PBXContainerItemProxy */ = {
			isa = PBXContainerItemProxy;
			containerPortal = 45A26E2D2EEF58E2003DEF3A /* Project object */;
			proxyType = 1;
			remoteGlobalIDString = 45A26E342EEF58E2003DEF3A;
			remoteInfo = Folio;
		};
		45A26E522EEF58E3003DEF3A /* PBXContainerItemProxy */ = {
			isa = PBXContainerItemProxy;
			containerPortal = 45A26E2D2EEF58E2003DEF3A /* Project object */;
			proxyType = 1;
			remoteGlobalIDString = 45A26E342EEF58E2003DEF3A;
			remoteInfo = Folio;
		};
/* End PBXContainerItemProxy section */

/* Begin PBXFileReference section */
		45A26E352EEF58E2003DEF3A /* Folio.app */ = {isa = PBXFileReference; explicitFileType = wrapper.application; includeInIndex = 0; path = Folio.app; sourceTree = BUILT_PRODUCTS_DIR; };
		45A26E472EEF58E3003DEF3A /* FolioTests.xctest */ = {isa = PBXFileReference; explicitFileType = wrapper.cfbundle; includeInIndex = 0; path = FolioTests.xctest; sourceTree = BUILT_PRODUCTS_DIR; };
		45A26E512EEF58E3003DEF3A /* FolioUITests.xctest */ = {isa = PBXFileReference; explicitFileType = wrapper.cfbundle; includeInIndex = 0; path = FolioUITests.xctest; sourceTree = BUILT_PRODUCTS_DIR; };
		45E985032EEF5AA700211C6F /* FolioCore */ = {isa = PBXFileReference; lastKnownFileType = wrapper; path = FolioCore; sourceTree = "<group>"; };
		45E985092EEF5E6600211C6F /* .gitignore */ = {isa = PBXFileReference; lastKnownFileType = text; path = .gitignore; sourceTree = "<group>"; };
/* End PBXFileReference section */

/* Begin PBXFileSystemSynchronizedRootGroup section */
		45A26E372EEF58E2003DEF3A /* Folio */ = {
			isa = PBXFileSystemSynchronizedRootGroup;
			path = Folio;
			sourceTree = "<group>";
		};
		45A26E4A2EEF58E3003DEF3A /* FolioTests */ = {
			isa = PBXFileSystemSynchronizedRootGroup;
			path = FolioTests;
			sourceTree = "<group>";
		};
		45A26E542EEF58E3003DEF3A /* FolioUITests */ = {
			isa = PBXFileSystemSynchronizedRootGroup;
			path = FolioUITests;
			sourceTree = "<group>";
		};
/* End PBXFileSystemSynchronizedRootGroup section */

/* Begin PBXFrameworksBuildPhase section */
		45A26E322EEF58E2003DEF3A /* Frameworks */ = {
			isa = PBXFrameworksBuildPhase;
			buildActionMask = 2147483647;
			files = (
				45E985062EEF5DC500211C6F /* FolioCore in Frameworks */,
			);
			runOnlyForDeploymentPostprocessing = 0;
		};
		45A26E442EEF58E3003DEF3A /* Frameworks */ = {
			isa = PBXFrameworksBuildPhase;
			buildActionMask = 2147483647;
			files = (
			);
			runOnlyForDeploymentPostprocessing = 0;
		};
		45A26E4E2EEF58E3003DEF3A /* Frameworks */ = {
			isa = PBXFrameworksBuildPhase;
			buildActionMask = 2147483647;
			files = (
			);
			runOnlyForDeploymentPostprocessing = 0;
		};
/* End PBXFrameworksBuildPhase section */

/* Begin PBXGroup section */
		45A26E2C2EEF58E2003DEF3A = {
			isa = PBXGroup;
			children = (
				45E985092EEF5E6600211C6F /* .gitignore */,
				45E985032EEF5AA700211C6F /* FolioCore */,
				45A26E372EEF58E2003DEF3A /* Folio */,
				45A26E4A2EEF58E3003DEF3A /* FolioTests */,
				45A26E542EEF58E3003DEF3A /* FolioUITests */,
				45E985042EEF5DC500211C6F /* Frameworks */,
				45A26E362EEF58E2003DEF3A /* Products */,
			);
			sourceTree = "<group>";
		};
		45A26E362EEF58E2003DEF3A /* Products */ = {
			isa = PBXGroup;
			children = (
				45A26E352EEF58E2003DEF3A /* Folio.app */,
				45A26E472EEF58E3003DEF3A /* FolioTests.xctest */,
				45A26E512EEF58E3003DEF3A /* FolioUITests.xctest */,
			);
			name = Products;
			sourceTree = "<group>";
		};
		45E985042EEF5DC500211C6F /* Frameworks */ = {
			isa = PBXGroup;
			children = (
			);
			name = Frameworks;
			sourceTree = "<group>";
		};
/* End PBXGroup section */

/* Begin PBXNativeTarget section */
		45A26E342EEF58E2003DEF3A /* Folio */ = {
			isa = PBXNativeTarget;
			buildConfigurationList = 45A26E5B2EEF58E3003DEF3A /* Build configuration list for PBXNativeTarget "Folio" */;
			buildPhases = (
				45A26E312EEF58E2003DEF3A /* Sources */,
				45A26E322EEF58E2003DEF3A /* Frameworks */,
				45A26E332EEF58E2003DEF3A /* Resources */,
			);
			buildRules = (
			);
			dependencies = (
			);
			fileSystemSynchronizedGroups = (
				45A26E372EEF58E2003DEF3A /* Folio */,
			);
			name = Folio;
			packageProductDependencies = (
				45E985052EEF5DC500211C6F /* FolioCore */,
			);
			productName = Folio;
			productReference = 45A26E352EEF58E2003DEF3A /* Folio.app */;
			productType = "com.apple.product-type.application";
		};
		45A26E462EEF58E3003DEF3A /* FolioTests */ = {
			isa = PBXNativeTarget;
			buildConfigurationList = 45A26E5E2EEF58E3003DEF3A /* Build configuration list for PBXNativeTarget "FolioTests" */;
			buildPhases = (
				45A26E432EEF58E3003DEF3A /* Sources */,
				45A26E442EEF58E3003DEF3A /* Frameworks */,
				45A26E452EEF58E3003DEF3A /* Resources */,
			);
			buildRules = (
			);
			dependencies = (
				45A26E492EEF58E3003DEF3A /* PBXTargetDependency */,
			);
			fileSystemSynchronizedGroups = (
				45A26E4A2EEF58E3003DEF3A /* FolioTests */,
			);
			name = FolioTests;
			packageProductDependencies = (
			);
			productName = FolioTests;
			productReference = 45A26E472EEF58E3003DEF3A /* FolioTests.xctest */;
			productType = "com.apple.product-type.bundle.unit-test";
		};
		45A26E502EEF58E3003DEF3A /* FolioUITests */ = {
			isa = PBXNativeTarget;
			buildConfigurationList = 45A26E612EEF58E3003DEF3A /* Build configuration list for PBXNativeTarget "FolioUITests" */;
			buildPhases = (
				45A26E4D2EEF58E3003DEF3A /* Sources */,
				45A26E4E2EEF58E3003DEF3A /* Frameworks */,
				45A26E4F2EEF58E3003DEF3A /* Resources */,
			);
			buildRules = (
			);
			dependencies = (
				45A26E532EEF58E3003DEF3A /* PBXTargetDependency */,
			);
			fileSystemSynchronizedGroups = (
				45A26E542EEF58E3003DEF3A /* FolioUITests */,
			);
			name = FolioUITests;
			packageProductDependencies = (
			);
			productName = FolioUITests;
			productReference = 45A26E512EEF58E3003DEF3A /* FolioUITests.xctest */;
			productType = "com.apple.product-type.bundle.ui-testing";
		};
/* End PBXNativeTarget section */

/* Begin PBXProject section */
		45A26E2D2EEF58E2003DEF3A /* Project object */ = {
			isa = PBXProject;
			attributes = {
				BuildIndependentTargetsInParallel = 1;
				LastSwiftUpdateCheck = 2620;
				LastUpgradeCheck = 2620;
				TargetAttributes = {
					45A26E342EEF58E2003DEF3A = {
						CreatedOnToolsVersion = 26.2;
					};
					45A26E462EEF58E3003DEF3A = {
						CreatedOnToolsVersion = 26.2;
						TestTargetID = 45A26E342EEF58E2003DEF3A;
					};
					45A26E502EEF58E3003DEF3A = {
						CreatedOnToolsVersion = 26.2;
						TestTargetID = 45A26E342EEF58E2003DEF3A;
					};
				};
			};
			buildConfigurationList = 45A26E302EEF58E2003DEF3A /* Build configuration list for PBXProject "Folio" */;
			developmentRegion = en;
			hasScannedForEncodings = 0;
			knownRegions = (
				en,
				Base,
			);
			mainGroup = 45A26E2C2EEF58E2003DEF3A;
			minimizedProjectReferenceProxies = 1;
			preferredProjectObjectVersion = 77;
			productRefGroup = 45A26E362EEF58E2003DEF3A /* Products */;
			packageReferences = (
				45E985072EEF5DC600211C6F /* XCLocalSwiftPackageReference "FolioCore" */,
			);
			projectDirPath = "";
			projectRoot = "";
			targets = (
				45A26E342EEF58E2003DEF3A /* Folio */,
				45A26E462EEF58E3003DEF3A /* FolioTests */,
				45A26E502EEF58E3003DEF3A /* FolioUITests */,
			);
		};
/* End PBXProject section */

/* Begin PBXResourcesBuildPhase section */
		45A26E332EEF58E2003DEF3A /* Resources */ = {
			isa = PBXResourcesBuildPhase;
			buildActionMask = 2147483647;
			files = (
				45E9850A2EEF5E6600211C6F /* .gitignore in Resources */,
			);
			runOnlyForDeploymentPostprocessing = 0;
		};
		45A26E452EEF58E3003DEF3A /* Resources */ = {
			isa = PBXResourcesBuildPhase;
			buildActionMask = 2147483647;
			files = (
			);
			runOnlyForDeploymentPostprocessing = 0;
		};
		45A26E4F2EEF58E3003DEF3A /* Resources */ = {
			isa = PBXResourcesBuildPhase;
			buildActionMask = 2147483647;
			files = (
			);
			runOnlyForDeploymentPostprocessing = 0;
		};
/* End PBXResourcesBuildPhase section */

/* Begin PBXSourcesBuildPhase section */
		45A26E312EEF58E2003DEF3A /* Sources */ = {
			isa = PBXSourcesBuildPhase;
			buildActionMask = 2147483647;
			files = (
			);
			runOnlyForDeploymentPostprocessing = 0;
		};
		45A26E432EEF58E3003DEF3A /* Sources */ = {
			isa = PBXSourcesBuildPhase;
			buildActionMask = 2147483647;
			files = (
			);
			runOnlyForDeploymentPostprocessing = 0;
		};
		45A26E4D2EEF58E3003DEF3A /* Sources */ = {
			isa = PBXSourcesBuildPhase;
			buildActionMask = 2147483647;
			files = (
			);
			runOnlyForDeploymentPostprocessing = 0;
		};
/* End PBXSourcesBuildPhase section */

/* Begin PBXTargetDependency section */
		45A26E492EEF58E3003DEF3A /* PBXTargetDependency */ = {
			isa = PBXTargetDependency;
			target = 45A26E342EEF58E2003DEF3A /* Folio */;
			targetProxy = 45A26E482EEF58E3003DEF3A /* PBXContainerItemProxy */;
		};
		45A26E532EEF58E3003DEF3A /* PBXTargetDependency */ = {
			isa = PBXTargetDependency;
			target = 45A26E342EEF58E2003DEF3A /* Folio */;
			targetProxy = 45A26E522EEF58E3003DEF3A /* PBXContainerItemProxy */;
		};
/* End PBXTargetDependency section */

/* Begin XCBuildConfiguration section */
		45A26E592EEF58E3003DEF3A /* Debug */ = {
			isa = XCBuildConfiguration;
			buildSettings = {
				ALWAYS_SEARCH_USER_PATHS = NO;
				ASSETCATALOG_COMPILER_GENERATE_SWIFT_ASSET_SYMBOL_EXTENSIONS = YES;
				CLANG_ANALYZER_NONNULL = YES;
				CLANG_ANALYZER_NUMBER_OBJECT_CONVERSION = YES_AGGRESSIVE;
				CLANG_CXX_LANGUAGE_STANDARD = "gnu++20";
				CLANG_ENABLE_MODULES = YES;
				CLANG_ENABLE_OBJC_ARC = YES;
				CLANG_ENABLE_OBJC_WEAK = YES;
				CLANG_WARN_BLOCK_CAPTURE_AUTORELEASING = YES;
				CLANG_WARN_BOOL_CONVERSION = YES;
				CLANG_WARN_COMMA = YES;
				CLANG_WARN_CONSTANT_CONVERSION = YES;
				CLANG_WARN_DEPRECATED_OBJC_IMPLEMENTATIONS = YES;
				CLANG_WARN_DIRECT_OBJC_ISA_USAGE = YES_ERROR;
				CLANG_WARN_DOCUMENTATION_COMMENTS = YES;
				CLANG_WARN_EMPTY_BODY = YES;
				CLANG_WARN_ENUM_CONVERSION = YES;
				CLANG_WARN_INFINITE_RECURSION = YES;
				CLANG_WARN_INT_CONVERSION = YES;
				CLANG_WARN_NON_LITERAL_NULL_CONVERSION = YES;
				CLANG_WARN_OBJC_IMPLICIT_RETAIN_SELF = YES;
				CLANG_WARN_OBJC_LITERAL_CONVERSION = YES;
				CLANG_WARN_OBJC_ROOT_CLASS = YES_ERROR;
				CLANG_WARN_QUOTED_INCLUDE_IN_FRAMEWORK_HEADER = YES;
				CLANG_WARN_RANGE_LOOP_ANALYSIS = YES;
				CLANG_WARN_STRICT_PROTOTYPES = YES;
				CLANG_WARN_SUSPICIOUS_MOVE = YES;
				CLANG_WARN_UNGUARDED_AVAILABILITY = YES_AGGRESSIVE;
				CLANG_WARN_UNREACHABLE_CODE = YES;
				CLANG_WARN__DUPLICATE_METHOD_MATCH = YES;
				COPY_PHASE_STRIP = NO;
				DEBUG_INFORMATION_FORMAT = dwarf;
				DEVELOPMENT_TEAM = 79CCZEW5CK;
				ENABLE_STRICT_OBJC_MSGSEND = YES;
				ENABLE_TESTABILITY = YES;
				ENABLE_USER_SCRIPT_SANDBOXING = YES;
				GCC_C_LANGUAGE_STANDARD = gnu17;
				GCC_DYNAMIC_NO_PIC = NO;
				GCC_NO_COMMON_BLOCKS = YES;
				GCC_OPTIMIZATION_LEVEL = 0;
				GCC_PREPROCESSOR_DEFINITIONS = (
					"DEBUG=1",
					"$(inherited)",
				);
				GCC_WARN_64_TO_32_BIT_CONVERSION = YES;
				GCC_WARN_ABOUT_RETURN_TYPE = YES_ERROR;
				GCC_WARN_UNDECLARED_SELECTOR = YES;
				GCC_WARN_UNINITIALIZED_AUTOS = YES_AGGRESSIVE;
				GCC_WARN_UNUSED_FUNCTION = YES;
				GCC_WARN_UNUSED_VARIABLE = YES;
				LOCALIZATION_PREFERS_STRING_CATALOGS = YES;
				MACOSX_DEPLOYMENT_TARGET = 26.2;
				MTL_ENABLE_DEBUG_INFO = INCLUDE_SOURCE;
				MTL_FAST_MATH = YES;
				ONLY_ACTIVE_ARCH = YES;
				SDKROOT = macosx;
				SWIFT_ACTIVE_COMPILATION_CONDITIONS = "DEBUG $(inherited)";
				SWIFT_OPTIMIZATION_LEVEL = "-Onone";
			};
			name = Debug;
		};
		45A26E5A2EEF58E3003DEF3A /* Release */ = {
			isa = XCBuildConfiguration;
			buildSettings = {
				ALWAYS_SEARCH_USER_PATHS = NO;
				ASSETCATALOG_COMPILER_GENERATE_SWIFT_ASSET_SYMBOL_EXTENSIONS = YES;
				CLANG_ANALYZER_NONNULL = YES;
				CLANG_ANALYZER_NUMBER_OBJECT_CONVERSION = YES_AGGRESSIVE;
				CLANG_CXX_LANGUAGE_STANDARD = "gnu++20";
				CLANG_ENABLE_MODULES = YES;
				CLANG_ENABLE_OBJC_ARC = YES;
				CLANG_ENABLE_OBJC_WEAK = YES;
				CLANG_WARN_BLOCK_CAPTURE_AUTORELEASING = YES;
				CLANG_WARN_BOOL_CONVERSION = YES;
				CLANG_WARN_COMMA = YES;
				CLANG_WARN_CONSTANT_CONVERSION = YES;
				CLANG_WARN_DEPRECATED_OBJC_IMPLEMENTATIONS = YES;
				CLANG_WARN_DIRECT_OBJC_ISA_USAGE = YES_ERROR;
				CLANG_WARN_DOCUMENTATION_COMMENTS = YES;
				CLANG_WARN_EMPTY_BODY = YES;
				CLANG_WARN_ENUM_CONVERSION = YES;
				CLANG_WARN_INFINITE_RECURSION = YES;
				CLANG_WARN_INT_CONVERSION = YES;
				CLANG_WARN_NON_LITERAL_NULL_CONVERSION = YES;
				CLANG_WARN_OBJC_IMPLICIT_RETAIN_SELF = YES;
				CLANG_WARN_OBJC_LITERAL_CONVERSION = YES;
				CLANG_WARN_OBJC_ROOT_CLASS = YES_ERROR;
				CLANG_WARN_QUOTED_INCLUDE_IN_FRAMEWORK_HEADER = YES;
				CLANG_WARN_RANGE_LOOP_ANALYSIS = YES;
				CLANG_WARN_STRICT_PROTOTYPES = YES;
				CLANG_WARN_SUSPICIOUS_MOVE = YES;
				CLANG_WARN_UNGUARDED_AVAILABILITY = YES_AGGRESSIVE;
				CLANG_WARN_UNREACHABLE_CODE = YES;
				CLANG_WARN__DUPLICATE_METHOD_MATCH = YES;
				COPY_PHASE_STRIP = NO;
				DEBUG_INFORMATION_FORMAT = "dwarf-with-dsym";
				DEVELOPMENT_TEAM = 79CCZEW5CK;
				ENABLE_NS_ASSERTIONS = NO;
				ENABLE_STRICT_OBJC_MSGSEND = YES;
				ENABLE_USER_SCRIPT_SANDBOXING = YES;
				GCC_C_LANGUAGE_STANDARD = gnu17;
				GCC_NO_COMMON_BLOCKS = YES;
				GCC_WARN_64_TO_32_BIT_CONVERSION = YES;
				GCC_WARN_ABOUT_RETURN_TYPE = YES_ERROR;
				GCC_WARN_UNDECLARED_SELECTOR = YES;
				GCC_WARN_UNINITIALIZED_AUTOS = YES_AGGRESSIVE;
				GCC_WARN_UNUSED_FUNCTION = YES;
				GCC_WARN_UNUSED_VARIABLE = YES;
				LOCALIZATION_PREFERS_STRING_CATALOGS = YES;
				MACOSX_DEPLOYMENT_TARGET = 26.2;
				MTL_ENABLE_DEBUG_INFO = NO;
				MTL_FAST_MATH = YES;
				SDKROOT = macosx;
				SWIFT_COMPILATION_MODE = wholemodule;
			};
			name = Release;
		};
		45A26E5C2EEF58E3003DEF3A /* Debug */ = {
			isa = XCBuildConfiguration;
			buildSettings = {
				ASSETCATALOG_COMPILER_APPICON_NAME = AppIcon;
				ASSETCATALOG_COMPILER_GLOBAL_ACCENT_COLOR_NAME = AccentColor;
				CODE_SIGN_STYLE = Automatic;
				COMBINE_HIDPI_IMAGES = YES;
				CURRENT_PROJECT_VERSION = 1;
				DEVELOPMENT_TEAM = 79CCZEW5CK;
				ENABLE_APP_SANDBOX = YES;
				ENABLE_HARDENED_RUNTIME = YES;
				ENABLE_INCOMING_NETWORK_CONNECTIONS = YES;
				ENABLE_OUTGOING_NETWORK_CONNECTIONS = YES;
				ENABLE_PREVIEWS = YES;
				ENABLE_RESOURCE_ACCESS_AUDIO_INPUT = NO;
				ENABLE_RESOURCE_ACCESS_BLUETOOTH = NO;
				ENABLE_RESOURCE_ACCESS_CALENDARS = NO;
				ENABLE_RESOURCE_ACCESS_CAMERA = NO;
				ENABLE_RESOURCE_ACCESS_CONTACTS = NO;
				ENABLE_RESOURCE_ACCESS_LOCATION = NO;
				ENABLE_RESOURCE_ACCESS_PRINTING = NO;
				ENABLE_RESOURCE_ACCESS_USB = NO;
				ENABLE_USER_SELECTED_FILES = readwrite;
				GENERATE_INFOPLIST_FILE = YES;
				INFOPLIST_KEY_LSApplicationCategoryType = "public.app-category.productivity";
				INFOPLIST_KEY_NSHumanReadableCopyright = "";
				LD_RUNPATH_SEARCH_PATHS = (
					"$(inherited)",
					"@executable_path/../Frameworks",
				);
				MACOSX_DEPLOYMENT_TARGET = 13.0;
				MARKETING_VERSION = 1.0;
				PRODUCT_BUNDLE_IDENTIFIER = com.sarthak.Folio;
				PRODUCT_NAME = "$(TARGET_NAME)";
				REGISTER_APP_GROUPS = YES;
				STRING_CATALOG_GENERATE_SYMBOLS = YES;
				SWIFT_APPROACHABLE_CONCURRENCY = YES;
				SWIFT_DEFAULT_ACTOR_ISOLATION = MainActor;
				SWIFT_EMIT_LOC_STRINGS = YES;
				SWIFT_UPCOMING_FEATURE_MEMBER_IMPORT_VISIBILITY = YES;
				SWIFT_VERSION = 5.0;
			};
			name = Debug;
		};
		45A26E5D2EEF58E3003DEF3A /* Release */ = {
			isa = XCBuildConfiguration;
			buildSettings = {
				ASSETCATALOG_COMPILER_APPICON_NAME = AppIcon;
				ASSETCATALOG_COMPILER_GLOBAL_ACCENT_COLOR_NAME = AccentColor;
				CODE_SIGN_STYLE = Automatic;
				COMBINE_HIDPI_IMAGES = YES;
				CURRENT_PROJECT_VERSION = 1;
				DEVELOPMENT_TEAM = 79CCZEW5CK;
				ENABLE_APP_SANDBOX = YES;
				ENABLE_HARDENED_RUNTIME = YES;
				ENABLE_INCOMING_NETWORK_CONNECTIONS = YES;
				ENABLE_OUTGOING_NETWORK_CONNECTIONS = YES;
				ENABLE_PREVIEWS = YES;
				ENABLE_RESOURCE_ACCESS_AUDIO_INPUT = NO;
				ENABLE_RESOURCE_ACCESS_BLUETOOTH = NO;
				ENABLE_RESOURCE_ACCESS_CALENDARS = NO;
				ENABLE_RESOURCE_ACCESS_CAMERA = NO;
				ENABLE_RESOURCE_ACCESS_CONTACTS = NO;
				ENABLE_RESOURCE_ACCESS_LOCATION = NO;
				ENABLE_RESOURCE_ACCESS_PRINTING = NO;
				ENABLE_RESOURCE_ACCESS_USB = NO;
				ENABLE_USER_SELECTED_FILES = readwrite;
				GENERATE_INFOPLIST_FILE = YES;
				INFOPLIST_KEY_LSApplicationCategoryType = "public.app-category.productivity";
				INFOPLIST_KEY_NSHumanReadableCopyright = "";
				LD_RUNPATH_SEARCH_PATHS = (
					"$(inherited)",
					"@executable_path/../Frameworks",
				);
				MACOSX_DEPLOYMENT_TARGET = 13.0;
				MARKETING_VERSION = 1.0;
				PRODUCT_BUNDLE_IDENTIFIER = com.sarthak.Folio;
				PRODUCT_NAME = "$(TARGET_NAME)";
				REGISTER_APP_GROUPS = YES;
				STRING_CATALOG_GENERATE_SYMBOLS = YES;
				SWIFT_APPROACHABLE_CONCURRENCY = YES;
				SWIFT_DEFAULT_ACTOR_ISOLATION = MainActor;
				SWIFT_EMIT_LOC_STRINGS = YES;
				SWIFT_UPCOMING_FEATURE_MEMBER_IMPORT_VISIBILITY = YES;
				SWIFT_VERSION = 5.0;
			};
			name = Release;
		};
		45A26E5F2EEF58E3003DEF3A /* Debug */ = {
			isa = XCBuildConfiguration;
			buildSettings = {
				BUNDLE_LOADER = "$(TEST_HOST)";
				CODE_SIGN_STYLE = Automatic;
				CURRENT_PROJECT_VERSION = 1;
				DEVELOPMENT_TEAM = 79CCZEW5CK;
				GENERATE_INFOPLIST_FILE = YES;
				MACOSX_DEPLOYMENT_TARGET = 26.2;
				MARKETING_VERSION = 1.0;
				PRODUCT_BUNDLE_IDENTIFIER = com.sarthak.FolioTests;
				PRODUCT_NAME = "$(TARGET_NAME)";
				STRING_CATALOG_GENERATE_SYMBOLS = NO;
				SWIFT_APPROACHABLE_CONCURRENCY = YES;
				SWIFT_EMIT_LOC_STRINGS = NO;
				SWIFT_UPCOMING_FEATURE_MEMBER_IMPORT_VISIBILITY = YES;
				SWIFT_VERSION = 5.0;
				TEST_HOST = "$(BUILT_PRODUCTS_DIR)/Folio.app/$(BUNDLE_EXECUTABLE_FOLDER_PATH)/Folio";
			};
			name = Debug;
		};
		45A26E602EEF58E3003DEF3A /* Release */ = {
			isa = XCBuildConfiguration;
			buildSettings = {
				BUNDLE_LOADER = "$(TEST_HOST)";
				CODE_SIGN_STYLE = Automatic;
				CURRENT_PROJECT_VERSION = 1;
				DEVELOPMENT_TEAM = 79CCZEW5CK;
				GENERATE_INFOPLIST_FILE = YES;
				MACOSX_DEPLOYMENT_TARGET = 26.2;
				MARKETING_VERSION = 1.0;
				PRODUCT_BUNDLE_IDENTIFIER = com.sarthak.FolioTests;
				PRODUCT_NAME = "$(TARGET_NAME)";
				STRING_CATALOG_GENERATE_SYMBOLS = NO;
				SWIFT_APPROACHABLE_CONCURRENCY = YES;
				SWIFT_EMIT_LOC_STRINGS = NO;
				SWIFT_UPCOMING_FEATURE_MEMBER_IMPORT_VISIBILITY = YES;
				SWIFT_VERSION = 5.0;
				TEST_HOST = "$(BUILT_PRODUCTS_DIR)/Folio.app/$(BUNDLE_EXECUTABLE_FOLDER_PATH)/Folio";
			};
			name = Release;
		};
		45A26E622EEF58E3003DEF3A /* Debug */ = {
			isa = XCBuildConfiguration;
			buildSettings = {
				CODE_SIGN_STYLE = Automatic;
				CURRENT_PROJECT_VERSION = 1;
				DEVELOPMENT_TEAM = 79CCZEW5CK;
				GENERATE_INFOPLIST_FILE = YES;
				MARKETING_VERSION = 1.0;
				PRODUCT_BUNDLE_IDENTIFIER = com.sarthak.FolioUITests;
				PRODUCT_NAME = "$(TARGET_NAME)";
				STRING_CATALOG_GENERATE_SYMBOLS = NO;
				SWIFT_APPROACHABLE_CONCURRENCY = YES;
				SWIFT_EMIT_LOC_STRINGS = NO;
				SWIFT_UPCOMING_FEATURE_MEMBER_IMPORT_VISIBILITY = YES;
				SWIFT_VERSION = 5.0;
				TEST_TARGET_NAME = Folio;
			};
			name = Debug;
		};
		45A26E632EEF58E3003DEF3A /* Release */ = {
			isa = XCBuildConfiguration;
			buildSettings = {
				CODE_SIGN_STYLE = Automatic;
				CURRENT_PROJECT_VERSION = 1;
				DEVELOPMENT_TEAM = 79CCZEW5CK;
				GENERATE_INFOPLIST_FILE = YES;
				MARKETING_VERSION = 1.0;
				PRODUCT_BUNDLE_IDENTIFIER = com.sarthak.FolioUITests;
				PRODUCT_NAME = "$(TARGET_NAME)";
				STRING_CATALOG_GENERATE_SYMBOLS = NO;
				SWIFT_APPROACHABLE_CONCURRENCY = YES;
				SWIFT_EMIT_LOC_STRINGS = NO;
				SWIFT_UPCOMING_FEATURE_MEMBER_IMPORT_VISIBILITY = YES;
				SWIFT_VERSION = 5.0;
				TEST_TARGET_NAME = Folio;
			};
			name = Release;
		};
/* End XCBuildConfiguration section */

/* Begin XCConfigurationList section */
		45A26E302EEF58E2003DEF3A /* Build configuration list for PBXProject "Folio" */ = {
			isa = XCConfigurationList;
			buildConfigurations = (
				45A26E592EEF58E3003DEF3A /* Debug */,
				45A26E5A2EEF58E3003DEF3A /* Release */,
			);
			defaultConfigurationIsVisible = 0;
			defaultConfigurationName = Release;
		};
		45A26E5B2EEF58E3003DEF3A /* Build configuration list for PBXNativeTarget "Folio" */ = {
			isa = XCConfigurationList;
			buildConfigurations = (
				45A26E5C2EEF58E3003DEF3A /* Debug */,
				45A26E5D2EEF58E3003DEF3A /* Release */,
			);
			defaultConfigurationIsVisible = 0;
			defaultConfigurationName = Release;
		};
		45A26E5E2EEF58E3003DEF3A /* Build configuration list for PBXNativeTarget "FolioTests" */ = {
			isa = XCConfigurationList;
			buildConfigurations = (
				45A26E5F2EEF58E3003DEF3A /* Debug */,
				45A26E602EEF58E3003DEF3A /* Release */,
			);
			defaultConfigurationIsVisible = 0;
			defaultConfigurationName = Release;
		};
		45A26E612EEF58E3003DEF3A /* Build configuration list for PBXNativeTarget "FolioUITests" */ = {
			isa = XCConfigurationList;
			buildConfigurations = (
				45A26E622EEF58E3003DEF3A /* Debug */,
				45A26E632EEF58E3003DEF3A /* Release */,
			);
			defaultConfigurationIsVisible = 0;
			defaultConfigurationName = Release;
		};
/* End XCConfigurationList section */

/* Begin XCLocalSwiftPackageReference section */
		45E985072EEF5DC600211C6F /* XCLocalSwiftPackageReference "FolioCore" */ = {
			isa = XCLocalSwiftPackageReference;
			relativePath = FolioCore;
		};
/* End XCLocalSwiftPackageReference section */

/* Begin XCSwiftPackageProductDependency section */
		45E985052EEF5DC500211C6F /* FolioCore */ = {
			isa = XCSwiftPackageProductDependency;
			package = 45E985072EEF5DC600211C6F /* XCLocalSwiftPackageReference "FolioCore" */;
			productName = FolioCore;
		};
/* End XCSwiftPackageProductDependency section */
	};
	rootObject = 45A26E2D2EEF58E2003DEF3A /* Project object */;
}
